// !$*UTF8*$!
{
	archiveVersion = 1;
	classes = {
	};
	objectVersion = 56;
	objects = {

/* Begin PBXBuildFile section */
		310C76772A2520C2002AC892 /* XKCDApp.swift in Sources */ = {isa = PBXBuildFile; fileRef = 310C76762A2520C2002AC892 /* XKCDApp.swift */; };
		310C76792A2520C2002AC892 /* SplashView.swift in Sources */ = {isa = PBXBuildFile; fileRef = 310C76782A2520C2002AC892 /* SplashView.swift */; };
		310C767B2A2520C4002AC892 /* Assets.xcassets in Resources */ = {isa = PBXBuildFile; fileRef = 310C767A2A2520C4002AC892 /* Assets.xcassets */; };
		310C767E2A2520C4002AC892 /* Preview Assets.xcassets in Resources */ = {isa = PBXBuildFile; fileRef = 310C767D2A2520C4002AC892 /* Preview Assets.xcassets */; };
		310C76852A261CDA002AC892 /* HomeView.swift in Sources */ = {isa = PBXBuildFile; fileRef = 310C76842A261CDA002AC892 /* HomeView.swift */; };
		310C76872A262D48002AC892 /* BookmarkedView.swift in Sources */ = {isa = PBXBuildFile; fileRef = 310C76862A262D48002AC892 /* BookmarkedView.swift */; };
		310C76892A262E13002AC892 /* AllComicsView.swift in Sources */ = {isa = PBXBuildFile; fileRef = 310C76882A262E13002AC892 /* AllComicsView.swift */; };
		310C768B2A262EF6002AC892 /* FavoritesView.swift in Sources */ = {isa = PBXBuildFile; fileRef = 310C768A2A262EF6002AC892 /* FavoritesView.swift */; };
		310C768D2A263036002AC892 /* SettingsView.swift in Sources */ = {isa = PBXBuildFile; fileRef = 310C768C2A263036002AC892 /* SettingsView.swift */; };
		310C768F2A266E49002AC892 /* Comic.swift in Sources */ = {isa = PBXBuildFile; fileRef = 310C768E2A266E49002AC892 /* Comic.swift */; };
		310C76942A28DF3C002AC892 /* Kingfisher in Frameworks */ = {isa = PBXBuildFile; productRef = 310C76932A28DF3C002AC892 /* Kingfisher */; };
		310C76962A2B7A98002AC892 /* ComicFetcher.swift in Sources */ = {isa = PBXBuildFile; fileRef = 310C76952A2B7A98002AC892 /* ComicFetcher.swift */; };
		315AFD5D2A56EAC2002D9DB6 /* xkcd.otf in Resources */ = {isa = PBXBuildFile; fileRef = 315AFD5B2A56EAC2002D9DB6 /* xkcd.otf */; };
		315AFD5E2A56EAC2002D9DB6 /* xkcd-Regular.otf in Resources */ = {isa = PBXBuildFile; fileRef = 315AFD5C2A56EAC2002D9DB6 /* xkcd-Regular.otf */; };
		31A5C05D2A3267540077C589 /* ComicViewerView.swift in Sources */ = {isa = PBXBuildFile; fileRef = 31A5C05C2A3267540077C589 /* ComicViewerView.swift */; };
		31C29F9B2A541B7E00B7FE5A /* FontModifiers.swift in Sources */ = {isa = PBXBuildFile; fileRef = 31C29F9A2A541B7E00B7FE5A /* FontModifiers.swift */; };
		31C29FA02A54D5EB00B7FE5A /* FavoriteComics.swift in Sources */ = {isa = PBXBuildFile; fileRef = 31C29F9F2A54D5EB00B7FE5A /* FavoriteComics.swift */; };
		31C29FA42A54D62800B7FE5A /* ComicViewerStore.swift in Sources */ = {isa = PBXBuildFile; fileRef = 31C29FA32A54D62800B7FE5A /* ComicViewerStore.swift */; };
		31DE4DBC2A44877700AB324A /* ComicsGridView.swift in Sources */ = {isa = PBXBuildFile; fileRef = 31DE4DBB2A44877700AB324A /* ComicsGridView.swift */; };
/* End PBXBuildFile section */

/* Begin PBXFileReference section */
		310C76732A2520C2002AC892 /* XKCD.app */ = {isa = PBXFileReference; explicitFileType = wrapper.application; includeInIndex = 0; path = XKCD.app; sourceTree = BUILT_PRODUCTS_DIR; };
		310C76762A2520C2002AC892 /* XKCDApp.swift */ = {isa = PBXFileReference; lastKnownFileType = sourcecode.swift; path = XKCDApp.swift; sourceTree = "<group>"; };
		310C76782A2520C2002AC892 /* SplashView.swift */ = {isa = PBXFileReference; lastKnownFileType = sourcecode.swift; path = SplashView.swift; sourceTree = "<group>"; };
		310C767A2A2520C4002AC892 /* Assets.xcassets */ = {isa = PBXFileReference; lastKnownFileType = folder.assetcatalog; path = Assets.xcassets; sourceTree = "<group>"; };
		310C767D2A2520C4002AC892 /* Preview Assets.xcassets */ = {isa = PBXFileReference; lastKnownFileType = folder.assetcatalog; path = "Preview Assets.xcassets"; sourceTree = "<group>"; };
		310C76842A261CDA002AC892 /* HomeView.swift */ = {isa = PBXFileReference; lastKnownFileType = sourcecode.swift; path = HomeView.swift; sourceTree = "<group>"; };
		310C76862A262D48002AC892 /* BookmarkedView.swift */ = {isa = PBXFileReference; lastKnownFileType = sourcecode.swift; path = BookmarkedView.swift; sourceTree = "<group>"; };
		310C76882A262E13002AC892 /* AllComicsView.swift */ = {isa = PBXFileReference; lastKnownFileType = sourcecode.swift; path = AllComicsView.swift; sourceTree = "<group>"; };
		310C768A2A262EF6002AC892 /* FavoritesView.swift */ = {isa = PBXFileReference; lastKnownFileType = sourcecode.swift; path = FavoritesView.swift; sourceTree = "<group>"; };
		310C768C2A263036002AC892 /* SettingsView.swift */ = {isa = PBXFileReference; lastKnownFileType = sourcecode.swift; path = SettingsView.swift; sourceTree = "<group>"; };
		310C768E2A266E49002AC892 /* Comic.swift */ = {isa = PBXFileReference; lastKnownFileType = sourcecode.swift; path = Comic.swift; sourceTree = "<group>"; };
		310C76952A2B7A98002AC892 /* ComicFetcher.swift */ = {isa = PBXFileReference; lastKnownFileType = sourcecode.swift; path = ComicFetcher.swift; sourceTree = "<group>"; };
		315AFD5B2A56EAC2002D9DB6 /* xkcd.otf */ = {isa = PBXFileReference; lastKnownFileType = file; name = xkcd.otf; path = Fonts/xkcd.otf; sourceTree = SOURCE_ROOT; };
		315AFD5C2A56EAC2002D9DB6 /* xkcd-Regular.otf */ = {isa = PBXFileReference; lastKnownFileType = file; name = "xkcd-Regular.otf"; path = "Fonts/xkcd-Regular.otf"; sourceTree = SOURCE_ROOT; };
		31A5C05C2A3267540077C589 /* ComicViewerView.swift */ = {isa = PBXFileReference; lastKnownFileType = sourcecode.swift; path = ComicViewerView.swift; sourceTree = "<group>"; };
		31C29F9A2A541B7E00B7FE5A /* FontModifiers.swift */ = {isa = PBXFileReference; lastKnownFileType = sourcecode.swift; path = FontModifiers.swift; sourceTree = "<group>"; };
		31C29F9C2A541EC600B7FE5A /* Info.plist */ = {isa = PBXFileReference; lastKnownFileType = text.plist; path = Info.plist; sourceTree = "<group>"; };
		31C29F9F2A54D5EB00B7FE5A /* FavoriteComics.swift */ = {isa = PBXFileReference; lastKnownFileType = sourcecode.swift; path = FavoriteComics.swift; sourceTree = "<group>"; };
		31C29FA32A54D62800B7FE5A /* ComicViewerStore.swift */ = {isa = PBXFileReference; lastKnownFileType = sourcecode.swift; path = ComicViewerStore.swift; sourceTree = "<group>"; };
		31DE4DBB2A44877700AB324A /* ComicsGridView.swift */ = {isa = PBXFileReference; lastKnownFileType = sourcecode.swift; path = ComicsGridView.swift; sourceTree = "<group>"; };
/* End PBXFileReference section */

/* Begin PBXFrameworksBuildPhase section */
		310C76702A2520C2002AC892 /* Frameworks */ = {
			isa = PBXFrameworksBuildPhase;
			buildActionMask = 2147483647;
			files = (
				310C76942A28DF3C002AC892 /* Kingfisher in Frameworks */,
			);
			runOnlyForDeploymentPostprocessing = 0;
		};
/* End PBXFrameworksBuildPhase section */

/* Begin PBXGroup section */
		310C766A2A2520C2002AC892 = {
			isa = PBXGroup;
			children = (
				310C76752A2520C2002AC892 /* XKCD */,
				310C76742A2520C2002AC892 /* Products */,
			);
			sourceTree = "<group>";
		};
		310C76742A2520C2002AC892 /* Products */ = {
			isa = PBXGroup;
			children = (
				310C76732A2520C2002AC892 /* XKCD.app */,
			);
			name = Products;
			sourceTree = "<group>";
		};
		310C76752A2520C2002AC892 /* XKCD */ = {
			isa = PBXGroup;
			children = (
				31C29F9C2A541EC600B7FE5A /* Info.plist */,
				31C29F992A541B5C00B7FE5A /* Common */,
				31DE4DBE2A44936200AB324A /* Views */,
				310C76762A2520C2002AC892 /* XKCDApp.swift */,
				31DE4DBD2A44933300AB324A /* Models */,
				310C76952A2B7A98002AC892 /* ComicFetcher.swift */,
				31C29FA32A54D62800B7FE5A /* ComicViewerStore.swift */,
				31C29F9F2A54D5EB00B7FE5A /* FavoriteComics.swift */,
				310C767A2A2520C4002AC892 /* Assets.xcassets */,
				31C29F932A541AB300B7FE5A /* Ressources */,
				310C767C2A2520C4002AC892 /* Preview Content */,
			);
			path = XKCD;
			sourceTree = "<group>";
		};
		310C767C2A2520C4002AC892 /* Preview Content */ = {
			isa = PBXGroup;
			children = (
				310C767D2A2520C4002AC892 /* Preview Assets.xcassets */,
			);
			path = "Preview Content";
			sourceTree = "<group>";
		};
		31C29F932A541AB300B7FE5A /* Ressources */ = {
			isa = PBXGroup;
			children = (
				31C29F942A541ABD00B7FE5A /* Fonts */,
			);
			path = Ressources;
			sourceTree = "<group>";
		};
		31C29F942A541ABD00B7FE5A /* Fonts */ = {
			isa = PBXGroup;
			children = (
				315AFD5C2A56EAC2002D9DB6 /* xkcd-Regular.otf */,
				315AFD5B2A56EAC2002D9DB6 /* xkcd.otf */,
			);
			path = Fonts;
			sourceTree = "<group>";
		};
		31C29F992A541B5C00B7FE5A /* Common */ = {
			isa = PBXGroup;
			children = (
				31C29F9A2A541B7E00B7FE5A /* FontModifiers.swift */,
			);
			path = Common;
			sourceTree = "<group>";
		};
		31DE4DBD2A44933300AB324A /* Models */ = {
			isa = PBXGroup;
			children = (
				310C768E2A266E49002AC892 /* Comic.swift */,
			);
			path = Models;
			sourceTree = "<group>";
		};
		31DE4DBE2A44936200AB324A /* Views */ = {
			isa = PBXGroup;
			children = (
				310C76842A261CDA002AC892 /* HomeView.swift */,
				310C76882A262E13002AC892 /* AllComicsView.swift */,
				31DE4DBB2A44877700AB324A /* ComicsGridView.swift */,
				310C76862A262D48002AC892 /* BookmarkedView.swift */,
				310C768A2A262EF6002AC892 /* FavoritesView.swift */,
				310C768C2A263036002AC892 /* SettingsView.swift */,
				310C76782A2520C2002AC892 /* SplashView.swift */,
				31A5C05C2A3267540077C589 /* ComicViewerView.swift */,
			);
			path = Views;
			sourceTree = "<group>";
		};
/* End PBXGroup section */

/* Begin PBXNativeTarget section */
		310C76722A2520C2002AC892 /* XKCD */ = {
			isa = PBXNativeTarget;
			buildConfigurationList = 310C76812A2520C4002AC892 /* Build configuration list for PBXNativeTarget "XKCD" */;
			buildPhases = (
				310C766F2A2520C2002AC892 /* Sources */,
				310C76702A2520C2002AC892 /* Frameworks */,
				310C76712A2520C2002AC892 /* Resources */,
			);
			buildRules = (
			);
			dependencies = (
			);
			name = XKCD;
			packageProductDependencies = (
				310C76932A28DF3C002AC892 /* Kingfisher */,
			);
			productName = XKCD;
			productReference = 310C76732A2520C2002AC892 /* XKCD.app */;
			productType = "com.apple.product-type.application";
		};
/* End PBXNativeTarget section */

/* Begin PBXProject section */
		310C766B2A2520C2002AC892 /* Project object */ = {
			isa = PBXProject;
			attributes = {
				BuildIndependentTargetsInParallel = 1;
				LastSwiftUpdateCheck = 1430;
				LastUpgradeCheck = 1430;
				TargetAttributes = {
					310C76722A2520C2002AC892 = {
						CreatedOnToolsVersion = 14.3;
					};
				};
			};
			buildConfigurationList = 310C766E2A2520C2002AC892 /* Build configuration list for PBXProject "XKCD" */;
			compatibilityVersion = "Xcode 14.0";
			developmentRegion = en;
			hasScannedForEncodings = 0;
			knownRegions = (
				en,
				Base,
			);
			mainGroup = 310C766A2A2520C2002AC892;
			packageReferences = (
				310C76922A28DF3C002AC892 /* XCRemoteSwiftPackageReference "Kingfisher" */,
			);
			productRefGroup = 310C76742A2520C2002AC892 /* Products */;
			projectDirPath = "";
			projectRoot = "";
			targets = (
				310C76722A2520C2002AC892 /* XKCD */,
			);
		};
/* End PBXProject section */

/* Begin PBXResourcesBuildPhase section */
		310C76712A2520C2002AC892 /* Resources */ = {
			isa = PBXResourcesBuildPhase;
			buildActionMask = 2147483647;
			files = (
				315AFD5D2A56EAC2002D9DB6 /* xkcd.otf in Resources */,
				310C767E2A2520C4002AC892 /* Preview Assets.xcassets in Resources */,
				315AFD5E2A56EAC2002D9DB6 /* xkcd-Regular.otf in Resources */,
				310C767B2A2520C4002AC892 /* Assets.xcassets in Resources */,
			);
			runOnlyForDeploymentPostprocessing = 0;
		};
/* End PBXResourcesBuildPhase section */

/* Begin PBXSourcesBuildPhase section */
		310C766F2A2520C2002AC892 /* Sources */ = {
			isa = PBXSourcesBuildPhase;
			buildActionMask = 2147483647;
			files = (
				310C768D2A263036002AC892 /* SettingsView.swift in Sources */,
				31C29FA02A54D5EB00B7FE5A /* FavoriteComics.swift in Sources */,
				310C76892A262E13002AC892 /* AllComicsView.swift in Sources */,
				310C76872A262D48002AC892 /* BookmarkedView.swift in Sources */,
				310C768F2A266E49002AC892 /* Comic.swift in Sources */,
				31A5C05D2A3267540077C589 /* ComicViewerView.swift in Sources */,
				310C768B2A262EF6002AC892 /* FavoritesView.swift in Sources */,
				310C76852A261CDA002AC892 /* HomeView.swift in Sources */,
				310C76962A2B7A98002AC892 /* ComicFetcher.swift in Sources */,
				31C29F9B2A541B7E00B7FE5A /* FontModifiers.swift in Sources */,
				31DE4DBC2A44877700AB324A /* ComicsGridView.swift in Sources */,
				310C76792A2520C2002AC892 /* SplashView.swift in Sources */,
				31C29FA42A54D62800B7FE5A /* ComicViewerStore.swift in Sources */,
				310C76772A2520C2002AC892 /* XKCDApp.swift in Sources */,
			);
			runOnlyForDeploymentPostprocessing = 0;
		};
/* End PBXSourcesBuildPhase section */

/* Begin XCBuildConfiguration section */
		310C767F2A2520C4002AC892 /* Debug */ = {
			isa = XCBuildConfiguration;
			buildSettings = {
				ALWAYS_SEARCH_USER_PATHS = NO;
				CLANG_ANALYZER_NONNULL = YES;
				CLANG_ANALYZER_NUMBER_OBJECT_CONVERSION = YES_AGGRESSIVE;
				CLANG_CXX_LANGUAGE_STANDARD = "gnu++20";
				CLANG_ENABLE_MODULES = YES;
				CLANG_ENABLE_OBJC_ARC = YES;
				CLANG_ENABLE_OBJC_WEAK = YES;
				CLANG_WARN_BLOCK_CAPTURE_AUTORELEASING = YES;
				CLANG_WARN_BOOL_CONVERSION = YES;
				CLANG_WARN_COMMA = YES;
				CLANG_WARN_CONSTANT_CONVERSION = YES;
				CLANG_WARN_DEPRECATED_OBJC_IMPLEMENTATIONS = YES;
				CLANG_WARN_DIRECT_OBJC_ISA_USAGE = YES_ERROR;
				CLANG_WARN_DOCUMENTATION_COMMENTS = YES;
				CLANG_WARN_EMPTY_BODY = YES;
				CLANG_WARN_ENUM_CONVERSION = YES;
				CLANG_WARN_INFINITE_RECURSION = YES;
				CLANG_WARN_INT_CONVERSION = YES;
				CLANG_WARN_NON_LITERAL_NULL_CONVERSION = YES;
				CLANG_WARN_OBJC_IMPLICIT_RETAIN_SELF = YES;
				CLANG_WARN_OBJC_LITERAL_CONVERSION = YES;
				CLANG_WARN_OBJC_ROOT_CLASS = YES_ERROR;
				CLANG_WARN_QUOTED_INCLUDE_IN_FRAMEWORK_HEADER = YES;
				CLANG_WARN_RANGE_LOOP_ANALYSIS = YES;
				CLANG_WARN_STRICT_PROTOTYPES = YES;
				CLANG_WARN_SUSPICIOUS_MOVE = YES;
				CLANG_WARN_UNGUARDED_AVAILABILITY = YES_AGGRESSIVE;
				CLANG_WARN_UNREACHABLE_CODE = YES;
				CLANG_WARN__DUPLICATE_METHOD_MATCH = YES;
				COPY_PHASE_STRIP = NO;
				DEBUG_INFORMATION_FORMAT = dwarf;
				ENABLE_STRICT_OBJC_MSGSEND = YES;
				ENABLE_TESTABILITY = YES;
				GCC_C_LANGUAGE_STANDARD = gnu11;
				GCC_DYNAMIC_NO_PIC = NO;
				GCC_NO_COMMON_BLOCKS = YES;
				GCC_OPTIMIZATION_LEVEL = 0;
				GCC_PREPROCESSOR_DEFINITIONS = (
					"DEBUG=1",
					"$(inherited)",
				);
				GCC_WARN_64_TO_32_BIT_CONVERSION = YES;
				GCC_WARN_ABOUT_RETURN_TYPE = YES_ERROR;
				GCC_WARN_UNDECLARED_SELECTOR = YES;
				GCC_WARN_UNINITIALIZED_AUTOS = YES_AGGRESSIVE;
				GCC_WARN_UNUSED_FUNCTION = YES;
				GCC_WARN_UNUSED_VARIABLE = YES;
				IPHONEOS_DEPLOYMENT_TARGET = 16.4;
				MTL_ENABLE_DEBUG_INFO = INCLUDE_SOURCE;
				MTL_FAST_MATH = YES;
				ONLY_ACTIVE_ARCH = YES;
				SDKROOT = iphoneos;
				SWIFT_ACTIVE_COMPILATION_CONDITIONS = DEBUG;
				SWIFT_OPTIMIZATION_LEVEL = "-Onone";
			};
			name = Debug;
		};
		310C76802A2520C4002AC892 /* Release */ = {
			isa = XCBuildConfiguration;
			buildSettings = {
				ALWAYS_SEARCH_USER_PATHS = NO;
				CLANG_ANALYZER_NONNULL = YES;
				CLANG_ANALYZER_NUMBER_OBJECT_CONVERSION = YES_AGGRESSIVE;
				CLANG_CXX_LANGUAGE_STANDARD = "gnu++20";
				CLANG_ENABLE_MODULES = YES;
				CLANG_ENABLE_OBJC_ARC = YES;
				CLANG_ENABLE_OBJC_WEAK = YES;
				CLANG_WARN_BLOCK_CAPTURE_AUTORELEASING = YES;
				CLANG_WARN_BOOL_CONVERSION = YES;
				CLANG_WARN_COMMA = YES;
				CLANG_WARN_CONSTANT_CONVERSION = YES;
				CLANG_WARN_DEPRECATED_OBJC_IMPLEMENTATIONS = YES;
				CLANG_WARN_DIRECT_OBJC_ISA_USAGE = YES_ERROR;
				CLANG_WARN_DOCUMENTATION_COMMENTS = YES;
				CLANG_WARN_EMPTY_BODY = YES;
				CLANG_WARN_ENUM_CONVERSION = YES;
				CLANG_WARN_INFINITE_RECURSION = YES;
				CLANG_WARN_INT_CONVERSION = YES;
				CLANG_WARN_NON_LITERAL_NULL_CONVERSION = YES;
				CLANG_WARN_OBJC_IMPLICIT_RETAIN_SELF = YES;
				CLANG_WARN_OBJC_LITERAL_CONVERSION = YES;
				CLANG_WARN_OBJC_ROOT_CLASS = YES_ERROR;
				CLANG_WARN_QUOTED_INCLUDE_IN_FRAMEWORK_HEADER = YES;
				CLANG_WARN_RANGE_LOOP_ANALYSIS = YES;
				CLANG_WARN_STRICT_PROTOTYPES = YES;
				CLANG_WARN_SUSPICIOUS_MOVE = YES;
				CLANG_WARN_UNGUARDED_AVAILABILITY = YES_AGGRESSIVE;
				CLANG_WARN_UNREACHABLE_CODE = YES;
				CLANG_WARN__DUPLICATE_METHOD_MATCH = YES;
				COPY_PHASE_STRIP = NO;
				DEBUG_INFORMATION_FORMAT = "dwarf-with-dsym";
				ENABLE_NS_ASSERTIONS = NO;
				ENABLE_STRICT_OBJC_MSGSEND = YES;
				GCC_C_LANGUAGE_STANDARD = gnu11;
				GCC_NO_COMMON_BLOCKS = YES;
				GCC_WARN_64_TO_32_BIT_CONVERSION = YES;
				GCC_WARN_ABOUT_RETURN_TYPE = YES_ERROR;
				GCC_WARN_UNDECLARED_SELECTOR = YES;
				GCC_WARN_UNINITIALIZED_AUTOS = YES_AGGRESSIVE;
				GCC_WARN_UNUSED_FUNCTION = YES;
				GCC_WARN_UNUSED_VARIABLE = YES;
				IPHONEOS_DEPLOYMENT_TARGET = 16.4;
				MTL_ENABLE_DEBUG_INFO = NO;
				MTL_FAST_MATH = YES;
				SDKROOT = iphoneos;
				SWIFT_COMPILATION_MODE = wholemodule;
				SWIFT_OPTIMIZATION_LEVEL = "-O";
				VALIDATE_PRODUCT = YES;
			};
			name = Release;
		};
		310C76822A2520C4002AC892 /* Debug */ = {
			isa = XCBuildConfiguration;
			buildSettings = {
				ASSETCATALOG_COMPILER_APPICON_NAME = AppIcon;
				ASSETCATALOG_COMPILER_GLOBAL_ACCENT_COLOR_NAME = AccentColor;
				CODE_SIGN_STYLE = Automatic;
				CURRENT_PROJECT_VERSION = 1;
				DEVELOPMENT_ASSET_PATHS = "\"XKCD/Preview Content\"";
				DEVELOPMENT_TEAM = VU2AQYJVVT;
				ENABLE_PREVIEWS = YES;
				GENERATE_INFOPLIST_FILE = YES;
				INFOPLIST_FILE = XKCD/Info.plist;
				INFOPLIST_KEY_LSApplicationCategoryType = "";
				INFOPLIST_KEY_UIApplicationSceneManifest_Generation = YES;
				INFOPLIST_KEY_UIApplicationSupportsIndirectInputEvents = YES;
				INFOPLIST_KEY_UILaunchScreen_Generation = YES;
				INFOPLIST_KEY_UISupportedInterfaceOrientations_iPad = "UIInterfaceOrientationPortrait UIInterfaceOrientationPortraitUpsideDown UIInterfaceOrientationLandscapeLeft UIInterfaceOrientationLandscapeRight";
				INFOPLIST_KEY_UISupportedInterfaceOrientations_iPhone = "UIInterfaceOrientationPortrait UIInterfaceOrientationLandscapeLeft UIInterfaceOrientationLandscapeRight";
				LD_RUNPATH_SEARCH_PATHS = (
					"$(inherited)",
					"@executable_path/Frameworks",
				);
				MARKETING_VERSION = 1.0;
				PRODUCT_BUNDLE_IDENTIFIER = com.app.XKCD;
				PRODUCT_NAME = "$(TARGET_NAME)";
				SWIFT_EMIT_LOC_STRINGS = YES;
				SWIFT_VERSION = 5.0;
				TARGETED_DEVICE_FAMILY = "1,2";
			};
			name = Debug;
		};
		310C76832A2520C4002AC892 /* Release */ = {
			isa = XCBuildConfiguration;
			buildSettings = {
				ASSETCATALOG_COMPILER_APPICON_NAME = AppIcon;
				ASSETCATALOG_COMPILER_GLOBAL_ACCENT_COLOR_NAME = AccentColor;
				CODE_SIGN_STYLE = Automatic;
				CURRENT_PROJECT_VERSION = 1;
				DEVELOPMENT_ASSET_PATHS = "\"XKCD/Preview Content\"";
				DEVELOPMENT_TEAM = VU2AQYJVVT;
				ENABLE_PREVIEWS = YES;
				GENERATE_INFOPLIST_FILE = YES;
				INFOPLIST_FILE = XKCD/Info.plist;
				INFOPLIST_KEY_LSApplicationCategoryType = "";
				INFOPLIST_KEY_UIApplicationSceneManifest_Generation = YES;
				INFOPLIST_KEY_UIApplicationSupportsIndirectInputEvents = YES;
				INFOPLIST_KEY_UILaunchScreen_Generation = YES;
				INFOPLIST_KEY_UISupportedInterfaceOrientations_iPad = "UIInterfaceOrientationPortrait UIInterfaceOrientationPortraitUpsideDown UIInterfaceOrientationLandscapeLeft UIInterfaceOrientationLandscapeRight";
				INFOPLIST_KEY_UISupportedInterfaceOrientations_iPhone = "UIInterfaceOrientationPortrait UIInterfaceOrientationLandscapeLeft UIInterfaceOrientationLandscapeRight";
				LD_RUNPATH_SEARCH_PATHS = (
					"$(inherited)",
					"@executable_path/Frameworks",
				);
				MARKETING_VERSION = 1.0;
				PRODUCT_BUNDLE_IDENTIFIER = com.app.XKCD;
				PRODUCT_NAME = "$(TARGET_NAME)";
				SWIFT_EMIT_LOC_STRINGS = YES;
				SWIFT_VERSION = 5.0;
				TARGETED_DEVICE_FAMILY = "1,2";
			};
			name = Release;
		};
/* End XCBuildConfiguration section */

/* Begin XCConfigurationList section */
		310C766E2A2520C2002AC892 /* Build configuration list for PBXProject "XKCD" */ = {
			isa = XCConfigurationList;
			buildConfigurations = (
				310C767F2A2520C4002AC892 /* Debug */,
				310C76802A2520C4002AC892 /* Release */,
			);
			defaultConfigurationIsVisible = 0;
			defaultConfigurationName = Release;
		};
		310C76812A2520C4002AC892 /* Build configuration list for PBXNativeTarget "XKCD" */ = {
			isa = XCConfigurationList;
			buildConfigurations = (
				310C76822A2520C4002AC892 /* Debug */,
				310C76832A2520C4002AC892 /* Release */,
			);
			defaultConfigurationIsVisible = 0;
			defaultConfigurationName = Release;
		};
/* End XCConfigurationList section */

/* Begin XCRemoteSwiftPackageReference section */
		310C76922A28DF3C002AC892 /* XCRemoteSwiftPackageReference "Kingfisher" */ = {
			isa = XCRemoteSwiftPackageReference;
			repositoryURL = "https://github.com/onevcat/Kingfisher.git";
			requirement = {
				kind = upToNextMajorVersion;
				minimumVersion = 7.0.0;
			};
		};
/* End XCRemoteSwiftPackageReference section */

/* Begin XCSwiftPackageProductDependency section */
		310C76932A28DF3C002AC892 /* Kingfisher */ = {
			isa = XCSwiftPackageProductDependency;
			package = 310C76922A28DF3C002AC892 /* XCRemoteSwiftPackageReference "Kingfisher" */;
			productName = Kingfisher;
		};
/* End XCSwiftPackageProductDependency section */
	};
	rootObject = 310C766B2A2520C2002AC892 /* Project object */;
}
